// !$*UTF8*$!
{
	archiveVersion = 1;
	classes = {
	};
	objectVersion = 56;
	objects = {

/* Begin PBXBuildFile section */
		2205308C2906F5D0009DE5D2 /* rheaSpider.jpg in Resources */ = {isa = PBXBuildFile; fileRef = 2205308B2906F5D0009DE5D2 /* rheaSpider.jpg */; };
		2205308E2906F6D9009DE5D2 /* spiderProfile.jpg in Resources */ = {isa = PBXBuildFile; fileRef = 2205308D2906F6D9009DE5D2 /* spiderProfile.jpg */; };
		220530902906FA1D009DE5D2 /* Rhea-Rai_Business-Card_demo.mov in Resources */ = {isa = PBXBuildFile; fileRef = 2205308F2906FA1D009DE5D2 /* Rhea-Rai_Business-Card_demo.mov */; };
		2263E65428FF074700BBC551 /* AppDelegate.swift in Sources */ = {isa = PBXBuildFile; fileRef = 2263E65328FF074700BBC551 /* AppDelegate.swift */; };
		2263E65628FF074700BBC551 /* SceneDelegate.swift in Sources */ = {isa = PBXBuildFile; fileRef = 2263E65528FF074700BBC551 /* SceneDelegate.swift */; };
		2263E65828FF074700BBC551 /* ViewController.swift in Sources */ = {isa = PBXBuildFile; fileRef = 2263E65728FF074700BBC551 /* ViewController.swift */; };
		2263E65B28FF074700BBC551 /* Main.storyboard in Resources */ = {isa = PBXBuildFile; fileRef = 2263E65928FF074700BBC551 /* Main.storyboard */; };
		2263E65D28FF074800BBC551 /* Assets.xcassets in Resources */ = {isa = PBXBuildFile; fileRef = 2263E65C28FF074800BBC551 /* Assets.xcassets */; };
		2263E66028FF074800BBC551 /* LaunchScreen.storyboard in Resources */ = {isa = PBXBuildFile; fileRef = 2263E65E28FF074800BBC551 /* LaunchScreen.storyboard */; };
		2263E66828FF083E00BBC551 /* Person.swift in Sources */ = {isa = PBXBuildFile; fileRef = 2263E66728FF083E00BBC551 /* Person.swift */; };
		2263E66A28FF112100BBC551 /* rhea.png in Resources */ = {isa = PBXBuildFile; fileRef = 2263E66928FF112100BBC551 /* rhea.png */; };
		229501162901B7D800BF2F2D /* sun.png in Resources */ = {isa = PBXBuildFile; fileRef = 229501152901B7D800BF2F2D /* sun.png */; };
		229501182901B7FE00BF2F2D /* moon.png in Resources */ = {isa = PBXBuildFile; fileRef = 229501172901B7FD00BF2F2D /* moon.png */; };
/* End PBXBuildFile section */

/* Begin PBXFileReference section */
		2205308B2906F5D0009DE5D2 /* rheaSpider.jpg */ = {isa = PBXFileReference; lastKnownFileType = image.jpeg; name = rheaSpider.jpg; path = ../../../../Downloads/rheaSpider.jpg; sourceTree = "<group>"; };
		2205308D2906F6D9009DE5D2 /* spiderProfile.jpg */ = {isa = PBXFileReference; lastKnownFileType = image.jpeg; name = spiderProfile.jpg; path = ../../../../Downloads/spiderProfile.jpg; sourceTree = "<group>"; };
		2205308F2906FA1D009DE5D2 /* Rhea-Rai_Business-Card_demo.mov */ = {isa = PBXFileReference; lastKnownFileType = video.quicktime; name = "Rhea-Rai_Business-Card_demo.mov"; path = "../../../Projects/Project Recordings/Rhea-Rai_Business-Card_demo.mov"; sourceTree = "<group>"; };
		2263E65028FF074700BBC551 /* IP06_BusinessCard.app */ = {isa = PBXFileReference; explicitFileType = wrapper.application; includeInIndex = 0; path = IP06_BusinessCard.app; sourceTree = BUILT_PRODUCTS_DIR; };
		2263E65328FF074700BBC551 /* AppDelegate.swift */ = {isa = PBXFileReference; lastKnownFileType = sourcecode.swift; path = AppDelegate.swift; sourceTree = "<group>"; };
		2263E65528FF074700BBC551 /* SceneDelegate.swift */ = {isa = PBXFileReference; lastKnownFileType = sourcecode.swift; path = SceneDelegate.swift; sourceTree = "<group>"; };
		2263E65728FF074700BBC551 /* ViewController.swift */ = {isa = PBXFileReference; lastKnownFileType = sourcecode.swift; path = ViewController.swift; sourceTree = "<group>"; };
		2263E65A28FF074700BBC551 /* Base */ = {isa = PBXFileReference; lastKnownFileType = file.storyboard; name = Base; path = Base.lproj/Main.storyboard; sourceTree = "<group>"; };
		2263E65C28FF074800BBC551 /* Assets.xcassets */ = {isa = PBXFileReference; lastKnownFileType = folder.assetcatalog; path = Assets.xcassets; sourceTree = "<group>"; };
		2263E65F28FF074800BBC551 /* Base */ = {isa = PBXFileReference; lastKnownFileType = file.storyboard; name = Base; path = Base.lproj/LaunchScreen.storyboard; sourceTree = "<group>"; };
		2263E66128FF074800BBC551 /* Info.plist */ = {isa = PBXFileReference; lastKnownFileType = text.plist.xml; path = Info.plist; sourceTree = "<group>"; };
		2263E66728FF083E00BBC551 /* Person.swift */ = {isa = PBXFileReference; lastKnownFileType = sourcecode.swift; path = Person.swift; sourceTree = "<group>"; };
		2263E66928FF112100BBC551 /* rhea.png */ = {isa = PBXFileReference; lastKnownFileType = image.png; path = rhea.png; sourceTree = "<group>"; };
		229501152901B7D800BF2F2D /* sun.png */ = {isa = PBXFileReference; lastKnownFileType = image.png; name = sun.png; path = ../../../../Downloads/sun.png; sourceTree = "<group>"; };
		229501172901B7FD00BF2F2D /* moon.png */ = {isa = PBXFileReference; lastKnownFileType = image.png; name = moon.png; path = ../../../../Downloads/moon.png; sourceTree = "<group>"; };
/* End PBXFileReference section */

/* Begin PBXFrameworksBuildPhase section */
		2263E64D28FF074700BBC551 /* Frameworks */ = {
			isa = PBXFrameworksBuildPhase;
			buildActionMask = 2147483647;
			files = (
			);
			runOnlyForDeploymentPostprocessing = 0;
		};
/* End PBXFrameworksBuildPhase section */

/* Begin PBXGroup section */
		2263E64728FF074700BBC551 = {
			isa = PBXGroup;
			children = (
				2263E65228FF074700BBC551 /* IP06_BusinessCard */,
				2263E65128FF074700BBC551 /* Products */,
			);
			sourceTree = "<group>";
		};
		2263E65128FF074700BBC551 /* Products */ = {
			isa = PBXGroup;
			children = (
				2263E65028FF074700BBC551 /* IP06_BusinessCard.app */,
			);
			name = Products;
			sourceTree = "<group>";
		};
		2263E65228FF074700BBC551 /* IP06_BusinessCard */ = {
			isa = PBXGroup;
			children = (
				2263E65328FF074700BBC551 /* AppDelegate.swift */,
				2263E65528FF074700BBC551 /* SceneDelegate.swift */,
				2263E65728FF074700BBC551 /* ViewController.swift */,
				2263E65928FF074700BBC551 /* Main.storyboard */,
				2263E65C28FF074800BBC551 /* Assets.xcassets */,
				2263E65E28FF074800BBC551 /* LaunchScreen.storyboard */,
				2263E66128FF074800BBC551 /* Info.plist */,
				2263E66728FF083E00BBC551 /* Person.swift */,
				2263E66928FF112100BBC551 /* rhea.png */,
				229501152901B7D800BF2F2D /* sun.png */,
				229501172901B7FD00BF2F2D /* moon.png */,
				2205308B2906F5D0009DE5D2 /* rheaSpider.jpg */,
				2205308D2906F6D9009DE5D2 /* spiderProfile.jpg */,
				2205308F2906FA1D009DE5D2 /* Rhea-Rai_Business-Card_demo.mov */,
			);
			path = IP06_BusinessCard;
			sourceTree = "<group>";
		};
/* End PBXGroup section */

/* Begin PBXNativeTarget section */
		2263E64F28FF074700BBC551 /* IP06_BusinessCard */ = {
			isa = PBXNativeTarget;
			buildConfigurationList = 2263E66428FF074800BBC551 /* Build configuration list for PBXNativeTarget "IP06_BusinessCard" */;
			buildPhases = (
				2263E64C28FF074700BBC551 /* Sources */,
				2263E64D28FF074700BBC551 /* Frameworks */,
				2263E64E28FF074700BBC551 /* Resources */,
			);
			buildRules = (
			);
			dependencies = (
			);
			name = IP06_BusinessCard;
			productName = IP06_BusinessCard;
			productReference = 2263E65028FF074700BBC551 /* IP06_BusinessCard.app */;
			productType = "com.apple.product-type.application";
		};
/* End PBXNativeTarget section */

/* Begin PBXProject section */
		2263E64828FF074700BBC551 /* Project object */ = {
			isa = PBXProject;
			attributes = {
				BuildIndependentTargetsInParallel = 1;
				LastSwiftUpdateCheck = 1400;
				LastUpgradeCheck = 1400;
				TargetAttributes = {
					2263E64F28FF074700BBC551 = {
						CreatedOnToolsVersion = 14.0.1;
					};
				};
			};
			buildConfigurationList = 2263E64B28FF074700BBC551 /* Build configuration list for PBXProject "IP06_BusinessCard" */;
			compatibilityVersion = "Xcode 14.0";
			developmentRegion = en;
			hasScannedForEncodings = 0;
			knownRegions = (
				en,
				Base,
			);
			mainGroup = 2263E64728FF074700BBC551;
			productRefGroup = 2263E65128FF074700BBC551 /* Products */;
			projectDirPath = "";
			projectRoot = "";
			targets = (
				2263E64F28FF074700BBC551 /* IP06_BusinessCard */,
			);
		};
/* End PBXProject section */

/* Begin PBXResourcesBuildPhase section */
		2263E64E28FF074700BBC551 /* Resources */ = {
			isa = PBXResourcesBuildPhase;
			buildActionMask = 2147483647;
			files = (
				2263E66028FF074800BBC551 /* LaunchScreen.storyboard in Resources */,
				2263E65D28FF074800BBC551 /* Assets.xcassets in Resources */,
				229501182901B7FE00BF2F2D /* moon.png in Resources */,
				2205308C2906F5D0009DE5D2 /* rheaSpider.jpg in Resources */,
				229501162901B7D800BF2F2D /* sun.png in Resources */,
				220530902906FA1D009DE5D2 /* Rhea-Rai_Business-Card_demo.mov in Resources */,
				2205308E2906F6D9009DE5D2 /* spiderProfile.jpg in Resources */,
				2263E65B28FF074700BBC551 /* Main.storyboard in Resources */,
				2263E66A28FF112100BBC551 /* rhea.png in Resources */,
			);
			runOnlyForDeploymentPostprocessing = 0;
		};
/* End PBXResourcesBuildPhase section */

/* Begin PBXSourcesBuildPhase section */
		2263E64C28FF074700BBC551 /* Sources */ = {
			isa = PBXSourcesBuildPhase;
			buildActionMask = 2147483647;
			files = (
				2263E65828FF074700BBC551 /* ViewController.swift in Sources */,
				2263E65428FF074700BBC551 /* AppDelegate.swift in Sources */,
				2263E66828FF083E00BBC551 /* Person.swift in Sources */,
				2263E65628FF074700BBC551 /* SceneDelegate.swift in Sources */,
			);
			runOnlyForDeploymentPostprocessing = 0;
		};
/* End PBXSourcesBuildPhase section */

/* Begin PBXVariantGroup section */
		2263E65928FF074700BBC551 /* Main.storyboard */ = {
			isa = PBXVariantGroup;
			children = (
				2263E65A28FF074700BBC551 /* Base */,
			);
			name = Main.storyboard;
			sourceTree = "<group>";
		};
		2263E65E28FF074800BBC551 /* LaunchScreen.storyboard */ = {
			isa = PBXVariantGroup;
			children = (
				2263E65F28FF074800BBC551 /* Base */,
			);
			name = LaunchScreen.storyboard;
			sourceTree = "<group>";
		};
/* End PBXVariantGroup section */

/* Begin XCBuildConfiguration section */
		2263E66228FF074800BBC551 /* Debug */ = {
			isa = XCBuildConfiguration;
			buildSettings = {
				ALWAYS_SEARCH_USER_PATHS = NO;
				CLANG_ANALYZER_NONNULL = YES;
				CLANG_ANALYZER_NUMBER_OBJECT_CONVERSION = YES_AGGRESSIVE;
				CLANG_CXX_LANGUAGE_STANDARD = "gnu++20";
				CLANG_ENABLE_MODULES = YES;
				CLANG_ENABLE_OBJC_ARC = YES;
				CLANG_ENABLE_OBJC_WEAK = YES;
				CLANG_WARN_BLOCK_CAPTURE_AUTORELEASING = YES;
				CLANG_WARN_BOOL_CONVERSION = YES;
				CLANG_WARN_COMMA = YES;
				CLANG_WARN_CONSTANT_CONVERSION = YES;
				CLANG_WARN_DEPRECATED_OBJC_IMPLEMENTATIONS = YES;
				CLANG_WARN_DIRECT_OBJC_ISA_USAGE = YES_ERROR;
				CLANG_WARN_DOCUMENTATION_COMMENTS = YES;
				CLANG_WARN_EMPTY_BODY = YES;
				CLANG_WARN_ENUM_CONVERSION = YES;
				CLANG_WARN_INFINITE_RECURSION = YES;
				CLANG_WARN_INT_CONVERSION = YES;
				CLANG_WARN_NON_LITERAL_NULL_CONVERSION = YES;
				CLANG_WARN_OBJC_IMPLICIT_RETAIN_SELF = YES;
				CLANG_WARN_OBJC_LITERAL_CONVERSION = YES;
				CLANG_WARN_OBJC_ROOT_CLASS = YES_ERROR;
				CLANG_WARN_QUOTED_INCLUDE_IN_FRAMEWORK_HEADER = YES;
				CLANG_WARN_RANGE_LOOP_ANALYSIS = YES;
				CLANG_WARN_STRICT_PROTOTYPES = YES;
				CLANG_WARN_SUSPICIOUS_MOVE = YES;
				CLANG_WARN_UNGUARDED_AVAILABILITY = YES_AGGRESSIVE;
				CLANG_WARN_UNREACHABLE_CODE = YES;
				CLANG_WARN__DUPLICATE_METHOD_MATCH = YES;
				COPY_PHASE_STRIP = NO;
				DEBUG_INFORMATION_FORMAT = dwarf;
				ENABLE_STRICT_OBJC_MSGSEND = YES;
				ENABLE_TESTABILITY = YES;
				GCC_C_LANGUAGE_STANDARD = gnu11;
				GCC_DYNAMIC_NO_PIC = NO;
				GCC_NO_COMMON_BLOCKS = YES;
				GCC_OPTIMIZATION_LEVEL = 0;
				GCC_PREPROCESSOR_DEFINITIONS = (
					"DEBUG=1",
					"$(inherited)",
				);
				GCC_WARN_64_TO_32_BIT_CONVERSION = YES;
				GCC_WARN_ABOUT_RETURN_TYPE = YES_ERROR;
				GCC_WARN_UNDECLARED_SELECTOR = YES;
				GCC_WARN_UNINITIALIZED_AUTOS = YES_AGGRESSIVE;
				GCC_WARN_UNUSED_FUNCTION = YES;
				GCC_WARN_UNUSED_VARIABLE = YES;
				IPHONEOS_DEPLOYMENT_TARGET = 16.0;
				MTL_ENABLE_DEBUG_INFO = INCLUDE_SOURCE;
				MTL_FAST_MATH = YES;
				ONLY_ACTIVE_ARCH = YES;
				SDKROOT = iphoneos;
				SWIFT_ACTIVE_COMPILATION_CONDITIONS = DEBUG;
				SWIFT_OPTIMIZATION_LEVEL = "-Onone";
			};
			name = Debug;
		};
		2263E66328FF074800BBC551 /* Release */ = {
			isa = XCBuildConfiguration;
			buildSettings = {
				ALWAYS_SEARCH_USER_PATHS = NO;
				CLANG_ANALYZER_NONNULL = YES;
				CLANG_ANALYZER_NUMBER_OBJECT_CONVERSION = YES_AGGRESSIVE;
				CLANG_CXX_LANGUAGE_STANDARD = "gnu++20";
				CLANG_ENABLE_MODULES = YES;
				CLANG_ENABLE_OBJC_ARC = YES;
				CLANG_ENABLE_OBJC_WEAK = YES;
				CLANG_WARN_BLOCK_CAPTURE_AUTORELEASING = YES;
				CLANG_WARN_BOOL_CONVERSION = YES;
				CLANG_WARN_COMMA = YES;
				CLANG_WARN_CONSTANT_CONVERSION = YES;
				CLANG_WARN_DEPRECATED_OBJC_IMPLEMENTATIONS = YES;
				CLANG_WARN_DIRECT_OBJC_ISA_USAGE = YES_ERROR;
				CLANG_WARN_DOCUMENTATION_COMMENTS = YES;
				CLANG_WARN_EMPTY_BODY = YES;
				CLANG_WARN_ENUM_CONVERSION = YES;
				CLANG_WARN_INFINITE_RECURSION = YES;
				CLANG_WARN_INT_CONVERSION = YES;
				CLANG_WARN_NON_LITERAL_NULL_CONVERSION = YES;
				CLANG_WARN_OBJC_IMPLICIT_RETAIN_SELF = YES;
				CLANG_WARN_OBJC_LITERAL_CONVERSION = YES;
				CLANG_WARN_OBJC_ROOT_CLASS = YES_ERROR;
				CLANG_WARN_QUOTED_INCLUDE_IN_FRAMEWORK_HEADER = YES;
				CLANG_WARN_RANGE_LOOP_ANALYSIS = YES;
				CLANG_WARN_STRICT_PROTOTYPES = YES;
				CLANG_WARN_SUSPICIOUS_MOVE = YES;
				CLANG_WARN_UNGUARDED_AVAILABILITY = YES_AGGRESSIVE;
				CLANG_WARN_UNREACHABLE_CODE = YES;
				CLANG_WARN__DUPLICATE_METHOD_MATCH = YES;
				COPY_PHASE_STRIP = NO;
				DEBUG_INFORMATION_FORMAT = "dwarf-with-dsym";
				ENABLE_NS_ASSERTIONS = NO;
				ENABLE_STRICT_OBJC_MSGSEND = YES;
				GCC_C_LANGUAGE_STANDARD = gnu11;
				GCC_NO_COMMON_BLOCKS = YES;
				GCC_WARN_64_TO_32_BIT_CONVERSION = YES;
				GCC_WARN_ABOUT_RETURN_TYPE = YES_ERROR;
				GCC_WARN_UNDECLARED_SELECTOR = YES;
				GCC_WARN_UNINITIALIZED_AUTOS = YES_AGGRESSIVE;
				GCC_WARN_UNUSED_FUNCTION = YES;
				GCC_WARN_UNUSED_VARIABLE = YES;
				IPHONEOS_DEPLOYMENT_TARGET = 16.0;
				MTL_ENABLE_DEBUG_INFO = NO;
				MTL_FAST_MATH = YES;
				SDKROOT = iphoneos;
				SWIFT_COMPILATION_MODE = wholemodule;
				SWIFT_OPTIMIZATION_LEVEL = "-O";
				VALIDATE_PRODUCT = YES;
			};
			name = Release;
		};
		2263E66528FF074800BBC551 /* Debug */ = {
			isa = XCBuildConfiguration;
			buildSettings = {
				ASSETCATALOG_COMPILER_APPICON_NAME = AppIcon;
				ASSETCATALOG_COMPILER_GLOBAL_ACCENT_COLOR_NAME = AccentColor;
				CODE_SIGN_STYLE = Automatic;
				CURRENT_PROJECT_VERSION = 1;
				GENERATE_INFOPLIST_FILE = YES;
				INFOPLIST_FILE = IP06_BusinessCard/Info.plist;
				INFOPLIST_KEY_UIApplicationSupportsIndirectInputEvents = YES;
				INFOPLIST_KEY_UILaunchStoryboardName = LaunchScreen;
				INFOPLIST_KEY_UIMainStoryboardFile = Main;
				INFOPLIST_KEY_UISupportedInterfaceOrientations_iPad = "UIInterfaceOrientationPortrait UIInterfaceOrientationPortraitUpsideDown UIInterfaceOrientationLandscapeLeft UIInterfaceOrientationLandscapeRight";
				INFOPLIST_KEY_UISupportedInterfaceOrientations_iPhone = "UIInterfaceOrientationPortrait UIInterfaceOrientationLandscapeLeft UIInterfaceOrientationLandscapeRight";
				LD_RUNPATH_SEARCH_PATHS = (
					"$(inherited)",
					"@executable_path/Frameworks",
				);
				MARKETING_VERSION = 1.0;
				PRODUCT_BUNDLE_IDENTIFIER = "com.example.IP06-BusinessCard";
				PRODUCT_NAME = "$(TARGET_NAME)";
				SWIFT_EMIT_LOC_STRINGS = YES;
				SWIFT_VERSION = 5.0;
				TARGETED_DEVICE_FAMILY = "1,2";
			};
			name = Debug;
		};
		2263E66628FF074800BBC551 /* Release */ = {
			isa = XCBuildConfiguration;
			buildSettings = {
				ASSETCATALOG_COMPILER_APPICON_NAME = AppIcon;
				ASSETCATALOG_COMPILER_GLOBAL_ACCENT_COLOR_NAME = AccentColor;
				CODE_SIGN_STYLE = Automatic;
				CURRENT_PROJECT_VERSION = 1;
				GENERATE_INFOPLIST_FILE = YES;
				INFOPLIST_FILE = IP06_BusinessCard/Info.plist;
				INFOPLIST_KEY_UIApplicationSupportsIndirectInputEvents = YES;
				INFOPLIST_KEY_UILaunchStoryboardName = LaunchScreen;
				INFOPLIST_KEY_UIMainStoryboardFile = Main;
				INFOPLIST_KEY_UISupportedInterfaceOrientations_iPad = "UIInterfaceOrientationPortrait UIInterfaceOrientationPortraitUpsideDown UIInterfaceOrientationLandscapeLeft UIInterfaceOrientationLandscapeRight";
				INFOPLIST_KEY_UISupportedInterfaceOrientations_iPhone = "UIInterfaceOrientationPortrait UIInterfaceOrientationLandscapeLeft UIInterfaceOrientationLandscapeRight";
				LD_RUNPATH_SEARCH_PATHS = (
					"$(inherited)",
					"@executable_path/Frameworks",
				);
				MARKETING_VERSION = 1.0;
				PRODUCT_BUNDLE_IDENTIFIER = "com.example.IP06-BusinessCard";
				PRODUCT_NAME = "$(TARGET_NAME)";
				SWIFT_EMIT_LOC_STRINGS = YES;
				SWIFT_VERSION = 5.0;
				TARGETED_DEVICE_FAMILY = "1,2";
			};
			name = Release;
		};
/* End XCBuildConfiguration section */

/* Begin XCConfigurationList section */
		2263E64B28FF074700BBC551 /* Build configuration list for PBXProject "IP06_BusinessCard" */ = {
			isa = XCConfigurationList;
			buildConfigurations = (
				2263E66228FF074800BBC551 /* Debug */,
				2263E66328FF074800BBC551 /* Release */,
			);
			defaultConfigurationIsVisible = 0;
			defaultConfigurationName = Release;
		};
		2263E66428FF074800BBC551 /* Build configuration list for PBXNativeTarget "IP06_BusinessCard" */ = {
			isa = XCConfigurationList;
			buildConfigurations = (
				2263E66528FF074800BBC551 /* Debug */,
				2263E66628FF074800BBC551 /* Release */,
			);
			defaultConfigurationIsVisible = 0;
			defaultConfigurationName = Release;
		};
/* End XCConfigurationList section */
	};
	rootObject = 2263E64828FF074700BBC551 /* Project object */;
}
